
Microsoft Visual Studio Solution File, Format Version 12.00
# Visual Studio Version 17
VisualStudioVersion = 17.1.32421.90
MinimumVisualStudioVersion = 10.0.40219.1
Project("{FAE04EC0-301F-11D3-BF4B-00C04F79EFBC}") = "Arrays", "Arrays\Arrays.csproj", "{78931624-4C0F-4DE7-AA8A-0D95E43F81BB}"
EndProject
Project("{FAE04EC0-301F-11D3-BF4B-00C04F79EFBC}") = "BinaryTrees", "BinaryTrees\BinaryTrees.csproj", "{A3EBADE8-CA2B-4797-83B3-D3041466FC1B}"
EndProject
Project("{FAE04EC0-301F-11D3-BF4B-00C04F79EFBC}") = "Runner", "Runner\Runner.csproj", "{5B77BF57-8461-4C68-8A28-996501C5F5EC}"
EndProject
Project("{FAE04EC0-301F-11D3-BF4B-00C04F79EFBC}") = "Math", "Math\Math.csproj", "{28030213-2DB3-438F-9359-366F7B5F1048}"
EndProject
Project("{FAE04EC0-301F-11D3-BF4B-00C04F79EFBC}") = "Euler", "Euler\Euler.csproj", "{F33C4AA3-5A14-4FA1-8197-6A6EFBFD26A2}"
EndProject
Project("{FAE04EC0-301F-11D3-BF4B-00C04F79EFBC}") = "Book_IntroductionToAlgorithms", "Book_IntroductionToAlgorithms\Book_IntroductionToAlgorithms.csproj", "{DA833201-F54B-4468-BF93-28782373F164}"
EndProject
Project("{FAE04EC0-301F-11D3-BF4B-00C04F79EFBC}") = "Strings", "Strings\Strings.csproj", "{78C7F5E0-862C-4A61-8DE5-A2C6261E056E}"
EndProject
Project("{FAE04EC0-301F-11D3-BF4B-00C04F79EFBC}") = "HackerRank", "HackerRank\HackerRank.csproj", "{011E310A-CA17-4FF0-A783-AB76F6FE42FE}"
EndProject
Project("{FAE04EC0-301F-11D3-BF4B-00C04F79EFBC}") = "Calendar", "Calendar\Calendar.csproj", "{D48C2BC7-AD49-4B87-B556-1409094F4E9F}"
EndProject
Project("{FAE04EC0-301F-11D3-BF4B-00C04F79EFBC}") = "Toptal", "Toptal\Toptal.csproj", "{ED1C2CE5-C7DE-473A-B0F7-021D7787EE41}"
EndProject
Project("{FAE04EC0-301F-11D3-BF4B-00C04F79EFBC}") = "Stelios", "Stelios\Stelios.csproj", "{18E3CE99-6167-49D2-9A1A-28B23D1999DB}"
EndProject
Project("{9A19103F-16F7-4668-BE54-9A1E7A4F7556}") = "CodeWars", "CodeWars\CodeWars.csproj", "{460429BF-2A8C-4183-91BE-90D2D2180B4C}"
EndProject
Project("{FAE04EC0-301F-11D3-BF4B-00C04F79EFBC}") = "BitManipulation", "BitManipulation\BitManipulation.csproj", "{A9E2C980-4EAB-44A8-9B4D-97D3FF631E8B}"
EndProject
Project("{9A19103F-16F7-4668-BE54-9A1E7A4F7556}") = "Locks", "Locks\Locks.csproj", "{D5848292-941F-41D5-BFD8-206F2336CDA8}"
EndProject
Project("{9A19103F-16F7-4668-BE54-9A1E7A4F7556}") = "Recursion", "Recursion\Recursion.csproj", "{9A49A9AD-5D7A-407F-82AF-1FC3F26C21C2}"
EndProject
Project("{F184B08F-C81C-45F6-A57F-5ABD9991F28F}") = "Physics", "Physics\Physics.vbproj", "{DD8270B5-7F76-4B95-8938-DE1C1D4B0DEA}"
EndProject
Project("{FAE04EC0-301F-11D3-BF4B-00C04F79EFBC}") = "Chemistry", "Chemistry\Chemistry.csproj", "{520BAEC4-C51F-48FB-940B-DC32C525B719}"
EndProject
Project("{9A19103F-16F7-4668-BE54-9A1E7A4F7556}") = "CodeSignal", "CodeSignal\CodeSignal.csproj", "{B98182BB-13AD-484B-B570-FEFDFD560440}"
EndProject
Project("{9A19103F-16F7-4668-BE54-9A1E7A4F7556}") = "LinqPractice", "LinqPractice\LinqPractice.csproj", "{04864265-D1FC-413B-ABD1-BF795D83D2AF}"
EndProject
Project("{9A19103F-16F7-4668-BE54-9A1E7A4F7556}") = "Util", "Util\Util.csproj", "{FA7D6D29-8366-40D1-B7DB-D1BD86EE3C09}"
EndProject
Project("{9A19103F-16F7-4668-BE54-9A1E7A4F7556}") = "Codility", "Codility\Codility.csproj", "{88F7CDB0-4EA4-4C58-B877-912F046DA99E}"
EndProject
Project("{FAE04EC0-301F-11D3-BF4B-00C04F79EFBC}") = "Generics", "Generics\Generics.csproj", "{B9D9BEA3-C5A5-4B3F-80D6-434EEBBB04DF}"
EndProject
Global
	GlobalSection(SolutionConfigurationPlatforms) = preSolution
		Debug|Any CPU = Debug|Any CPU
		Release|Any CPU = Release|Any CPU
	EndGlobalSection
	GlobalSection(ProjectConfigurationPlatforms) = postSolution
		{78931624-4C0F-4DE7-AA8A-0D95E43F81BB}.Debug|Any CPU.ActiveCfg = Debug|Any CPU
		{78931624-4C0F-4DE7-AA8A-0D95E43F81BB}.Debug|Any CPU.Build.0 = Debug|Any CPU
		{78931624-4C0F-4DE7-AA8A-0D95E43F81BB}.Release|Any CPU.ActiveCfg = Release|Any CPU
		{78931624-4C0F-4DE7-AA8A-0D95E43F81BB}.Release|Any CPU.Build.0 = Release|Any CPU
		{A3EBADE8-CA2B-4797-83B3-D3041466FC1B}.Debug|Any CPU.ActiveCfg = Debug|Any CPU
		{A3EBADE8-CA2B-4797-83B3-D3041466FC1B}.Debug|Any CPU.Build.0 = Debug|Any CPU
		{A3EBADE8-CA2B-4797-83B3-D3041466FC1B}.Release|Any CPU.ActiveCfg = Release|Any CPU
		{A3EBADE8-CA2B-4797-83B3-D3041466FC1B}.Release|Any CPU.Build.0 = Release|Any CPU
		{5B77BF57-8461-4C68-8A28-996501C5F5EC}.Debug|Any CPU.ActiveCfg = Debug|Any CPU
		{5B77BF57-8461-4C68-8A28-996501C5F5EC}.Debug|Any CPU.Build.0 = Debug|Any CPU
		{5B77BF57-8461-4C68-8A28-996501C5F5EC}.Release|Any CPU.ActiveCfg = Release|Any CPU
		{5B77BF57-8461-4C68-8A28-996501C5F5EC}.Release|Any CPU.Build.0 = Release|Any CPU
		{28030213-2DB3-438F-9359-366F7B5F1048}.Debug|Any CPU.ActiveCfg = Debug|Any CPU
		{28030213-2DB3-438F-9359-366F7B5F1048}.Debug|Any CPU.Build.0 = Debug|Any CPU
		{28030213-2DB3-438F-9359-366F7B5F1048}.Release|Any CPU.ActiveCfg = Release|Any CPU
		{28030213-2DB3-438F-9359-366F7B5F1048}.Release|Any CPU.Build.0 = Release|Any CPU
		{F33C4AA3-5A14-4FA1-8197-6A6EFBFD26A2}.Debug|Any CPU.ActiveCfg = Debug|Any CPU
		{F33C4AA3-5A14-4FA1-8197-6A6EFBFD26A2}.Debug|Any CPU.Build.0 = Debug|Any CPU
		{F33C4AA3-5A14-4FA1-8197-6A6EFBFD26A2}.Release|Any CPU.ActiveCfg = Release|Any CPU
		{F33C4AA3-5A14-4FA1-8197-6A6EFBFD26A2}.Release|Any CPU.Build.0 = Release|Any CPU
		{DA833201-F54B-4468-BF93-28782373F164}.Debug|Any CPU.ActiveCfg = Debug|Any CPU
		{DA833201-F54B-4468-BF93-28782373F164}.Debug|Any CPU.Build.0 = Debug|Any CPU
		{DA833201-F54B-4468-BF93-28782373F164}.Release|Any CPU.ActiveCfg = Release|Any CPU
		{DA833201-F54B-4468-BF93-28782373F164}.Release|Any CPU.Build.0 = Release|Any CPU
		{78C7F5E0-862C-4A61-8DE5-A2C6261E056E}.Debug|Any CPU.ActiveCfg = Debug|Any CPU
		{78C7F5E0-862C-4A61-8DE5-A2C6261E056E}.Debug|Any CPU.Build.0 = Debug|Any CPU
		{78C7F5E0-862C-4A61-8DE5-A2C6261E056E}.Release|Any CPU.ActiveCfg = Release|Any CPU
		{78C7F5E0-862C-4A61-8DE5-A2C6261E056E}.Release|Any CPU.Build.0 = Release|Any CPU
		{011E310A-CA17-4FF0-A783-AB76F6FE42FE}.Debug|Any CPU.ActiveCfg = Debug|Any CPU
		{011E310A-CA17-4FF0-A783-AB76F6FE42FE}.Debug|Any CPU.Build.0 = Debug|Any CPU
		{011E310A-CA17-4FF0-A783-AB76F6FE42FE}.Release|Any CPU.ActiveCfg = Release|Any CPU
		{011E310A-CA17-4FF0-A783-AB76F6FE42FE}.Release|Any CPU.Build.0 = Release|Any CPU
		{D48C2BC7-AD49-4B87-B556-1409094F4E9F}.Debug|Any CPU.ActiveCfg = Debug|Any CPU
		{D48C2BC7-AD49-4B87-B556-1409094F4E9F}.Debug|Any CPU.Build.0 = Debug|Any CPU
		{D48C2BC7-AD49-4B87-B556-1409094F4E9F}.Release|Any CPU.ActiveCfg = Release|Any CPU
		{D48C2BC7-AD49-4B87-B556-1409094F4E9F}.Release|Any CPU.Build.0 = Release|Any CPU
		{ED1C2CE5-C7DE-473A-B0F7-021D7787EE41}.Debug|Any CPU.ActiveCfg = Debug|Any CPU
		{ED1C2CE5-C7DE-473A-B0F7-021D7787EE41}.Debug|Any CPU.Build.0 = Debug|Any CPU
		{ED1C2CE5-C7DE-473A-B0F7-021D7787EE41}.Release|Any CPU.ActiveCfg = Release|Any CPU
		{ED1C2CE5-C7DE-473A-B0F7-021D7787EE41}.Release|Any CPU.Build.0 = Release|Any CPU
		{18E3CE99-6167-49D2-9A1A-28B23D1999DB}.Debug|Any CPU.ActiveCfg = Debug|Any CPU
		{18E3CE99-6167-49D2-9A1A-28B23D1999DB}.Debug|Any CPU.Build.0 = Debug|Any CPU
		{18E3CE99-6167-49D2-9A1A-28B23D1999DB}.Release|Any CPU.ActiveCfg = Release|Any CPU
		{18E3CE99-6167-49D2-9A1A-28B23D1999DB}.Release|Any CPU.Build.0 = Release|Any CPU
		{460429BF-2A8C-4183-91BE-90D2D2180B4C}.Debug|Any CPU.ActiveCfg = Debug|Any CPU
		{460429BF-2A8C-4183-91BE-90D2D2180B4C}.Debug|Any CPU.Build.0 = Debug|Any CPU
		{460429BF-2A8C-4183-91BE-90D2D2180B4C}.Release|Any CPU.ActiveCfg = Release|Any CPU
		{460429BF-2A8C-4183-91BE-90D2D2180B4C}.Release|Any CPU.Build.0 = Release|Any CPU
		{A9E2C980-4EAB-44A8-9B4D-97D3FF631E8B}.Debug|Any CPU.ActiveCfg = Debug|Any CPU
		{A9E2C980-4EAB-44A8-9B4D-97D3FF631E8B}.Debug|Any CPU.Build.0 = Debug|Any CPU
		{A9E2C980-4EAB-44A8-9B4D-97D3FF631E8B}.Release|Any CPU.ActiveCfg = Release|Any CPU
		{A9E2C980-4EAB-44A8-9B4D-97D3FF631E8B}.Release|Any CPU.Build.0 = Release|Any CPU
		{D5848292-941F-41D5-BFD8-206F2336CDA8}.Debug|Any CPU.ActiveCfg = Debug|Any CPU
		{D5848292-941F-41D5-BFD8-206F2336CDA8}.Debug|Any CPU.Build.0 = Debug|Any CPU
		{D5848292-941F-41D5-BFD8-206F2336CDA8}.Release|Any CPU.ActiveCfg = Release|Any CPU
		{D5848292-941F-41D5-BFD8-206F2336CDA8}.Release|Any CPU.Build.0 = Release|Any CPU
		{9A49A9AD-5D7A-407F-82AF-1FC3F26C21C2}.Debug|Any CPU.ActiveCfg = Debug|Any CPU
		{9A49A9AD-5D7A-407F-82AF-1FC3F26C21C2}.Debug|Any CPU.Build.0 = Debug|Any CPU
		{9A49A9AD-5D7A-407F-82AF-1FC3F26C21C2}.Release|Any CPU.ActiveCfg = Release|Any CPU
		{9A49A9AD-5D7A-407F-82AF-1FC3F26C21C2}.Release|Any CPU.Build.0 = Release|Any CPU
		{DD8270B5-7F76-4B95-8938-DE1C1D4B0DEA}.Debug|Any CPU.ActiveCfg = Debug|Any CPU
		{DD8270B5-7F76-4B95-8938-DE1C1D4B0DEA}.Debug|Any CPU.Build.0 = Debug|Any CPU
		{DD8270B5-7F76-4B95-8938-DE1C1D4B0DEA}.Release|Any CPU.ActiveCfg = Release|Any CPU
		{DD8270B5-7F76-4B95-8938-DE1C1D4B0DEA}.Release|Any CPU.Build.0 = Release|Any CPU
		{520BAEC4-C51F-48FB-940B-DC32C525B719}.Debug|Any CPU.ActiveCfg = Debug|Any CPU
		{520BAEC4-C51F-48FB-940B-DC32C525B719}.Debug|Any CPU.Build.0 = Debug|Any CPU
		{520BAEC4-C51F-48FB-940B-DC32C525B719}.Release|Any CPU.ActiveCfg = Release|Any CPU
		{520BAEC4-C51F-48FB-940B-DC32C525B719}.Release|Any CPU.Build.0 = Release|Any CPU
		{B98182BB-13AD-484B-B570-FEFDFD560440}.Debug|Any CPU.ActiveCfg = Debug|Any CPU
		{B98182BB-13AD-484B-B570-FEFDFD560440}.Debug|Any CPU.Build.0 = Debug|Any CPU
		{B98182BB-13AD-484B-B570-FEFDFD560440}.Release|Any CPU.ActiveCfg = Release|Any CPU
		{B98182BB-13AD-484B-B570-FEFDFD560440}.Release|Any CPU.Build.0 = Release|Any CPU
		{04864265-D1FC-413B-ABD1-BF795D83D2AF}.Debug|Any CPU.ActiveCfg = Debug|Any CPU
		{04864265-D1FC-413B-ABD1-BF795D83D2AF}.Debug|Any CPU.Build.0 = Debug|Any CPU
		{04864265-D1FC-413B-ABD1-BF795D83D2AF}.Release|Any CPU.ActiveCfg = Release|Any CPU
		{04864265-D1FC-413B-ABD1-BF795D83D2AF}.Release|Any CPU.Build.0 = Release|Any CPU
		{FA7D6D29-8366-40D1-B7DB-D1BD86EE3C09}.Debug|Any CPU.ActiveCfg = Debug|Any CPU
		{FA7D6D29-8366-40D1-B7DB-D1BD86EE3C09}.Debug|Any CPU.Build.0 = Debug|Any CPU
		{FA7D6D29-8366-40D1-B7DB-D1BD86EE3C09}.Release|Any CPU.ActiveCfg = Release|Any CPU
		{FA7D6D29-8366-40D1-B7DB-D1BD86EE3C09}.Release|Any CPU.Build.0 = Release|Any CPU
		{88F7CDB0-4EA4-4C58-B877-912F046DA99E}.Debug|Any CPU.ActiveCfg = Debug|Any CPU
		{88F7CDB0-4EA4-4C58-B877-912F046DA99E}.Debug|Any CPU.Build.0 = Debug|Any CPU
		{88F7CDB0-4EA4-4C58-B877-912F046DA99E}.Release|Any CPU.ActiveCfg = Release|Any CPU
		{88F7CDB0-4EA4-4C58-B877-912F046DA99E}.Release|Any CPU.Build.0 = Release|Any CPU
		{B9D9BEA3-C5A5-4B3F-80D6-434EEBBB04DF}.Debug|Any CPU.ActiveCfg = Debug|Any CPU
		{B9D9BEA3-C5A5-4B3F-80D6-434EEBBB04DF}.Debug|Any CPU.Build.0 = Debug|Any CPU
		{B9D9BEA3-C5A5-4B3F-80D6-434EEBBB04DF}.Release|Any CPU.ActiveCfg = Release|Any CPU
		{B9D9BEA3-C5A5-4B3F-80D6-434EEBBB04DF}.Release|Any CPU.Build.0 = Release|Any CPU
	EndGlobalSection
	GlobalSection(SolutionProperties) = preSolution
		HideSolutionNode = FALSE
	EndGlobalSection
	GlobalSection(ExtensibilityGlobals) = postSolution
		SolutionGuid = {85CB59F5-D8B3-4704-8E26-AFB882F717A7}
	EndGlobalSection
EndGlobal
